// !$*UTF8*$!
{
	archiveVersion = 1;
	classes = {
	};
	objectVersion = 77;
	objects = {

/* Begin PBXContainerItemProxy section */
		A5FFC4D02D8AFFC3003CD73B /* PBXContainerItemProxy */ = {
			isa = PBXContainerItemProxy;
			containerPortal = A5FFC4B62D8AFFC3003CD73B /* Project object */;
			proxyType = 1;
			remoteGlobalIDString = A5FFC4BD2D8AFFC3003CD73B;
			remoteInfo = 1st_hw_LimJaeSeong;
		};
		A5FFC4DA2D8AFFC3003CD73B /* PBXContainerItemProxy */ = {
			isa = PBXContainerItemProxy;
			containerPortal = A5FFC4B62D8AFFC3003CD73B /* Project object */;
			proxyType = 1;
			remoteGlobalIDString = A5FFC4BD2D8AFFC3003CD73B;
			remoteInfo = 1st_hw_LimJaeSeong;
		};
/* End PBXContainerItemProxy section */

/* Begin PBXFileReference section */
		A5FFC4BE2D8AFFC3003CD73B /* 1st_hw_LimJaeSeong.app */ = {isa = PBXFileReference; explicitFileType = wrapper.application; includeInIndex = 0; path = 1st_hw_LimJaeSeong.app; sourceTree = BUILT_PRODUCTS_DIR; };
		A5FFC4CF2D8AFFC3003CD73B /* 1st_hw_LimJaeSeongTests.xctest */ = {isa = PBXFileReference; explicitFileType = wrapper.cfbundle; includeInIndex = 0; path = 1st_hw_LimJaeSeongTests.xctest; sourceTree = BUILT_PRODUCTS_DIR; };
		A5FFC4D92D8AFFC3003CD73B /* 1st_hw_LimJaeSeongUITests.xctest */ = {isa = PBXFileReference; explicitFileType = wrapper.cfbundle; includeInIndex = 0; path = 1st_hw_LimJaeSeongUITests.xctest; sourceTree = BUILT_PRODUCTS_DIR; };
/* End PBXFileReference section */

/* Begin PBXFileSystemSynchronizedRootGroup section */
		A5FFC4C02D8AFFC3003CD73B /* 1st_hw_LimJaeSeong */ = {
			isa = PBXFileSystemSynchronizedRootGroup;
			path = 1st_hw_LimJaeSeong;
			sourceTree = "<group>";
		};
		A5FFC4D22D8AFFC3003CD73B /* 1st_hw_LimJaeSeongTests */ = {
			isa = PBXFileSystemSynchronizedRootGroup;
			path = 1st_hw_LimJaeSeongTests;
			sourceTree = "<group>";
		};
		A5FFC4DC2D8AFFC3003CD73B /* 1st_hw_LimJaeSeongUITests */ = {
			isa = PBXFileSystemSynchronizedRootGroup;
			path = 1st_hw_LimJaeSeongUITests;
			sourceTree = "<group>";
		};
/* End PBXFileSystemSynchronizedRootGroup section */

/* Begin PBXFrameworksBuildPhase section */
		A5FFC4BB2D8AFFC3003CD73B /* Frameworks */ = {
			isa = PBXFrameworksBuildPhase;
			buildActionMask = 2147483647;
			files = (
			);
			runOnlyForDeploymentPostprocessing = 0;
		};
		A5FFC4CC2D8AFFC3003CD73B /* Frameworks */ = {
			isa = PBXFrameworksBuildPhase;
			buildActionMask = 2147483647;
			files = (
			);
			runOnlyForDeploymentPostprocessing = 0;
		};
		A5FFC4D62D8AFFC3003CD73B /* Frameworks */ = {
			isa = PBXFrameworksBuildPhase;
			buildActionMask = 2147483647;
			files = (
			);
			runOnlyForDeploymentPostprocessing = 0;
		};
/* End PBXFrameworksBuildPhase section */

/* Begin PBXGroup section */
		A5FFC4B52D8AFFC3003CD73B = {
			isa = PBXGroup;
			children = (
				A5FFC4C02D8AFFC3003CD73B /* 1st_hw_LimJaeSeong */,
				A5FFC4D22D8AFFC3003CD73B /* 1st_hw_LimJaeSeongTests */,
				A5FFC4DC2D8AFFC3003CD73B /* 1st_hw_LimJaeSeongUITests */,
				A5FFC4BF2D8AFFC3003CD73B /* Products */,
			);
			sourceTree = "<group>";
		};
		A5FFC4BF2D8AFFC3003CD73B /* Products */ = {
			isa = PBXGroup;
			children = (
				A5FFC4BE2D8AFFC3003CD73B /* 1st_hw_LimJaeSeong.app */,
				A5FFC4CF2D8AFFC3003CD73B /* 1st_hw_LimJaeSeongTests.xctest */,
				A5FFC4D92D8AFFC3003CD73B /* 1st_hw_LimJaeSeongUITests.xctest */,
			);
			name = Products;
			sourceTree = "<group>";
		};
/* End PBXGroup section */

/* Begin PBXNativeTarget section */
		A5FFC4BD2D8AFFC3003CD73B /* 1st_hw_LimJaeSeong */ = {
			isa = PBXNativeTarget;
			buildConfigurationList = A5FFC4E32D8AFFC4003CD73B /* Build configuration list for PBXNativeTarget "1st_hw_LimJaeSeong" */;
			buildPhases = (
				A5FFC4BA2D8AFFC3003CD73B /* Sources */,
				A5FFC4BB2D8AFFC3003CD73B /* Frameworks */,
				A5FFC4BC2D8AFFC3003CD73B /* Resources */,
			);
			buildRules = (
			);
			dependencies = (
			);
			fileSystemSynchronizedGroups = (
				A5FFC4C02D8AFFC3003CD73B /* 1st_hw_LimJaeSeong */,
			);
			name = 1st_hw_LimJaeSeong;
			packageProductDependencies = (
			);
			productName = 1st_hw_LimJaeSeong;
			productReference = A5FFC4BE2D8AFFC3003CD73B /* 1st_hw_LimJaeSeong.app */;
			productType = "com.apple.product-type.application";
		};
		A5FFC4CE2D8AFFC3003CD73B /* 1st_hw_LimJaeSeongTests */ = {
			isa = PBXNativeTarget;
			buildConfigurationList = A5FFC4E62D8AFFC4003CD73B /* Build configuration list for PBXNativeTarget "1st_hw_LimJaeSeongTests" */;
			buildPhases = (
				A5FFC4CB2D8AFFC3003CD73B /* Sources */,
				A5FFC4CC2D8AFFC3003CD73B /* Frameworks */,
				A5FFC4CD2D8AFFC3003CD73B /* Resources */,
			);
			buildRules = (
			);
			dependencies = (
				A5FFC4D12D8AFFC3003CD73B /* PBXTargetDependency */,
			);
			fileSystemSynchronizedGroups = (
				A5FFC4D22D8AFFC3003CD73B /* 1st_hw_LimJaeSeongTests */,
			);
			name = 1st_hw_LimJaeSeongTests;
			packageProductDependencies = (
			);
			productName = 1st_hw_LimJaeSeongTests;
			productReference = A5FFC4CF2D8AFFC3003CD73B /* 1st_hw_LimJaeSeongTests.xctest */;
			productType = "com.apple.product-type.bundle.unit-test";
		};
		A5FFC4D82D8AFFC3003CD73B /* 1st_hw_LimJaeSeongUITests */ = {
			isa = PBXNativeTarget;
			buildConfigurationList = A5FFC4E92D8AFFC4003CD73B /* Build configuration list for PBXNativeTarget "1st_hw_LimJaeSeongUITests" */;
			buildPhases = (
				A5FFC4D52D8AFFC3003CD73B /* Sources */,
				A5FFC4D62D8AFFC3003CD73B /* Frameworks */,
				A5FFC4D72D8AFFC3003CD73B /* Resources */,
			);
			buildRules = (
			);
			dependencies = (
				A5FFC4DB2D8AFFC3003CD73B /* PBXTargetDependency */,
			);
			fileSystemSynchronizedGroups = (
				A5FFC4DC2D8AFFC3003CD73B /* 1st_hw_LimJaeSeongUITests */,
			);
			name = 1st_hw_LimJaeSeongUITests;
			packageProductDependencies = (
			);
			productName = 1st_hw_LimJaeSeongUITests;
			productReference = A5FFC4D92D8AFFC3003CD73B /* 1st_hw_LimJaeSeongUITests.xctest */;
			productType = "com.apple.product-type.bundle.ui-testing";
		};
/* End PBXNativeTarget section */

/* Begin PBXProject section */
		A5FFC4B62D8AFFC3003CD73B /* Project object */ = {
			isa = PBXProject;
			attributes = {
				BuildIndependentTargetsInParallel = 1;
				LastSwiftUpdateCheck = 1620;
				LastUpgradeCheck = 1620;
				TargetAttributes = {
					A5FFC4BD2D8AFFC3003CD73B = {
						CreatedOnToolsVersion = 16.2;
					};
					A5FFC4CE2D8AFFC3003CD73B = {
						CreatedOnToolsVersion = 16.2;
						TestTargetID = A5FFC4BD2D8AFFC3003CD73B;
					};
					A5FFC4D82D8AFFC3003CD73B = {
						CreatedOnToolsVersion = 16.2;
						TestTargetID = A5FFC4BD2D8AFFC3003CD73B;
					};
				};
			};
			buildConfigurationList = A5FFC4B92D8AFFC3003CD73B /* Build configuration list for PBXProject "1st_hw_LimJaeSeong" */;
			developmentRegion = en;
			hasScannedForEncodings = 0;
			knownRegions = (
				en,
				Base,
			);
			mainGroup = A5FFC4B52D8AFFC3003CD73B;
			minimizedProjectReferenceProxies = 1;
			preferredProjectObjectVersion = 77;
			productRefGroup = A5FFC4BF2D8AFFC3003CD73B /* Products */;
			projectDirPath = "";
			projectRoot = "";
			targets = (
				A5FFC4BD2D8AFFC3003CD73B /* 1st_hw_LimJaeSeong */,
				A5FFC4CE2D8AFFC3003CD73B /* 1st_hw_LimJaeSeongTests */,
				A5FFC4D82D8AFFC3003CD73B /* 1st_hw_LimJaeSeongUITests */,
			);
		};
/* End PBXProject section */

/* Begin PBXResourcesBuildPhase section */
		A5FFC4BC2D8AFFC3003CD73B /* Resources */ = {
			isa = PBXResourcesBuildPhase;
			buildActionMask = 2147483647;
			files = (
			);
			runOnlyForDeploymentPostprocessing = 0;
		};
		A5FFC4CD2D8AFFC3003CD73B /* Resources */ = {
			isa = PBXResourcesBuildPhase;
			buildActionMask = 2147483647;
			files = (
			);
			runOnlyForDeploymentPostprocessing = 0;
		};
		A5FFC4D72D8AFFC3003CD73B /* Resources */ = {
			isa = PBXResourcesBuildPhase;
			buildActionMask = 2147483647;
			files = (
			);
			runOnlyForDeploymentPostprocessing = 0;
		};
/* End PBXResourcesBuildPhase section */

/* Begin PBXSourcesBuildPhase section */
		A5FFC4BA2D8AFFC3003CD73B /* Sources */ = {
			isa = PBXSourcesBuildPhase;
			buildActionMask = 2147483647;
			files = (
			);
			runOnlyForDeploymentPostprocessing = 0;
		};
		A5FFC4CB2D8AFFC3003CD73B /* Sources */ = {
			isa = PBXSourcesBuildPhase;
			buildActionMask = 2147483647;
			files = (
			);
			runOnlyForDeploymentPostprocessing = 0;
		};
		A5FFC4D52D8AFFC3003CD73B /* Sources */ = {
			isa = PBXSourcesBuildPhase;
			buildActionMask = 2147483647;
			files = (
			);
			runOnlyForDeploymentPostprocessing = 0;
		};
/* End PBXSourcesBuildPhase section */

/* Begin PBXTargetDependency section */
		A5FFC4D12D8AFFC3003CD73B /* PBXTargetDependency */ = {
			isa = PBXTargetDependency;
			target = A5FFC4BD2D8AFFC3003CD73B /* 1st_hw_LimJaeSeong */;
			targetProxy = A5FFC4D02D8AFFC3003CD73B /* PBXContainerItemProxy */;
		};
		A5FFC4DB2D8AFFC3003CD73B /* PBXTargetDependency */ = {
			isa = PBXTargetDependency;
			target = A5FFC4BD2D8AFFC3003CD73B /* 1st_hw_LimJaeSeong */;
			targetProxy = A5FFC4DA2D8AFFC3003CD73B /* PBXContainerItemProxy */;
		};
/* End PBXTargetDependency section */

/* Begin XCBuildConfiguration section */
		A5FFC4E12D8AFFC4003CD73B /* Debug */ = {
			isa = XCBuildConfiguration;
			buildSettings = {
				ALWAYS_SEARCH_USER_PATHS = NO;
				ASSETCATALOG_COMPILER_GENERATE_SWIFT_ASSET_SYMBOL_EXTENSIONS = YES;
				CLANG_ANALYZER_NONNULL = YES;
				CLANG_ANALYZER_NUMBER_OBJECT_CONVERSION = YES_AGGRESSIVE;
				CLANG_CXX_LANGUAGE_STANDARD = "gnu++20";
				CLANG_ENABLE_MODULES = YES;
				CLANG_ENABLE_OBJC_ARC = YES;
				CLANG_ENABLE_OBJC_WEAK = YES;
				CLANG_WARN_BLOCK_CAPTURE_AUTORELEASING = YES;
				CLANG_WARN_BOOL_CONVERSION = YES;
				CLANG_WARN_COMMA = YES;
				CLANG_WARN_CONSTANT_CONVERSION = YES;
				CLANG_WARN_DEPRECATED_OBJC_IMPLEMENTATIONS = YES;
				CLANG_WARN_DIRECT_OBJC_ISA_USAGE = YES_ERROR;
				CLANG_WARN_DOCUMENTATION_COMMENTS = YES;
				CLANG_WARN_EMPTY_BODY = YES;
				CLANG_WARN_ENUM_CONVERSION = YES;
				CLANG_WARN_INFINITE_RECURSION = YES;
				CLANG_WARN_INT_CONVERSION = YES;
				CLANG_WARN_NON_LITERAL_NULL_CONVERSION = YES;
				CLANG_WARN_OBJC_IMPLICIT_RETAIN_SELF = YES;
				CLANG_WARN_OBJC_LITERAL_CONVERSION = YES;
				CLANG_WARN_OBJC_ROOT_CLASS = YES_ERROR;
				CLANG_WARN_QUOTED_INCLUDE_IN_FRAMEWORK_HEADER = YES;
				CLANG_WARN_RANGE_LOOP_ANALYSIS = YES;
				CLANG_WARN_STRICT_PROTOTYPES = YES;
				CLANG_WARN_SUSPICIOUS_MOVE = YES;
				CLANG_WARN_UNGUARDED_AVAILABILITY = YES_AGGRESSIVE;
				CLANG_WARN_UNREACHABLE_CODE = YES;
				CLANG_WARN__DUPLICATE_METHOD_MATCH = YES;
				COPY_PHASE_STRIP = NO;
				DEBUG_INFORMATION_FORMAT = dwarf;
				ENABLE_STRICT_OBJC_MSGSEND = YES;
				ENABLE_TESTABILITY = YES;
				ENABLE_USER_SCRIPT_SANDBOXING = YES;
				GCC_C_LANGUAGE_STANDARD = gnu17;
				GCC_DYNAMIC_NO_PIC = NO;
				GCC_NO_COMMON_BLOCKS = YES;
				GCC_OPTIMIZATION_LEVEL = 0;
				GCC_PREPROCESSOR_DEFINITIONS = (
					"DEBUG=1",
					"$(inherited)",
				);
				GCC_WARN_64_TO_32_BIT_CONVERSION = YES;
				GCC_WARN_ABOUT_RETURN_TYPE = YES_ERROR;
				GCC_WARN_UNDECLARED_SELECTOR = YES;
				GCC_WARN_UNINITIALIZED_AUTOS = YES_AGGRESSIVE;
				GCC_WARN_UNUSED_FUNCTION = YES;
				GCC_WARN_UNUSED_VARIABLE = YES;
				LOCALIZATION_PREFERS_STRING_CATALOGS = YES;
				MTL_ENABLE_DEBUG_INFO = INCLUDE_SOURCE;
				MTL_FAST_MATH = YES;
				ONLY_ACTIVE_ARCH = YES;
				SWIFT_ACTIVE_COMPILATION_CONDITIONS = "DEBUG $(inherited)";
				SWIFT_OPTIMIZATION_LEVEL = "-Onone";
			};
			name = Debug;
		};
		A5FFC4E22D8AFFC4003CD73B /* Release */ = {
			isa = XCBuildConfiguration;
			buildSettings = {
				ALWAYS_SEARCH_USER_PATHS = NO;
				ASSETCATALOG_COMPILER_GENERATE_SWIFT_ASSET_SYMBOL_EXTENSIONS = YES;
				CLANG_ANALYZER_NONNULL = YES;
				CLANG_ANALYZER_NUMBER_OBJECT_CONVERSION = YES_AGGRESSIVE;
				CLANG_CXX_LANGUAGE_STANDARD = "gnu++20";
				CLANG_ENABLE_MODULES = YES;
				CLANG_ENABLE_OBJC_ARC = YES;
				CLANG_ENABLE_OBJC_WEAK = YES;
				CLANG_WARN_BLOCK_CAPTURE_AUTORELEASING = YES;
				CLANG_WARN_BOOL_CONVERSION = YES;
				CLANG_WARN_COMMA = YES;
				CLANG_WARN_CONSTANT_CONVERSION = YES;
				CLANG_WARN_DEPRECATED_OBJC_IMPLEMENTATIONS = YES;
				CLANG_WARN_DIRECT_OBJC_ISA_USAGE = YES_ERROR;
				CLANG_WARN_DOCUMENTATION_COMMENTS = YES;
				CLANG_WARN_EMPTY_BODY = YES;
				CLANG_WARN_ENUM_CONVERSION = YES;
				CLANG_WARN_INFINITE_RECURSION = YES;
				CLANG_WARN_INT_CONVERSION = YES;
				CLANG_WARN_NON_LITERAL_NULL_CONVERSION = YES;
				CLANG_WARN_OBJC_IMPLICIT_RETAIN_SELF = YES;
				CLANG_WARN_OBJC_LITERAL_CONVERSION = YES;
				CLANG_WARN_OBJC_ROOT_CLASS = YES_ERROR;
				CLANG_WARN_QUOTED_INCLUDE_IN_FRAMEWORK_HEADER = YES;
				CLANG_WARN_RANGE_LOOP_ANALYSIS = YES;
				CLANG_WARN_STRICT_PROTOTYPES = YES;
				CLANG_WARN_SUSPICIOUS_MOVE = YES;
				CLANG_WARN_UNGUARDED_AVAILABILITY = YES_AGGRESSIVE;
				CLANG_WARN_UNREACHABLE_CODE = YES;
				CLANG_WARN__DUPLICATE_METHOD_MATCH = YES;
				COPY_PHASE_STRIP = NO;
				DEBUG_INFORMATION_FORMAT = "dwarf-with-dsym";
				ENABLE_NS_ASSERTIONS = NO;
				ENABLE_STRICT_OBJC_MSGSEND = YES;
				ENABLE_USER_SCRIPT_SANDBOXING = YES;
				GCC_C_LANGUAGE_STANDARD = gnu17;
				GCC_NO_COMMON_BLOCKS = YES;
				GCC_WARN_64_TO_32_BIT_CONVERSION = YES;
				GCC_WARN_ABOUT_RETURN_TYPE = YES_ERROR;
				GCC_WARN_UNDECLARED_SELECTOR = YES;
				GCC_WARN_UNINITIALIZED_AUTOS = YES_AGGRESSIVE;
				GCC_WARN_UNUSED_FUNCTION = YES;
				GCC_WARN_UNUSED_VARIABLE = YES;
				LOCALIZATION_PREFERS_STRING_CATALOGS = YES;
				MTL_ENABLE_DEBUG_INFO = NO;
				MTL_FAST_MATH = YES;
				SWIFT_COMPILATION_MODE = wholemodule;
			};
			name = Release;
		};
		A5FFC4E42D8AFFC4003CD73B /* Debug */ = {
			isa = XCBuildConfiguration;
			buildSettings = {
				ASSETCATALOG_COMPILER_APPICON_NAME = AppIcon;
				ASSETCATALOG_COMPILER_GLOBAL_ACCENT_COLOR_NAME = AccentColor;
				CODE_SIGN_ENTITLEMENTS = 1st_hw_LimJaeSeong/_st_hw_LimJaeSeong.entitlements;
				CODE_SIGN_STYLE = Automatic;
				CURRENT_PROJECT_VERSION = 1;
				DEVELOPMENT_ASSET_PATHS = "\"1st_hw_LimJaeSeong/Preview Content\"";
				ENABLE_PREVIEWS = YES;
				GENERATE_INFOPLIST_FILE = YES;
				"INFOPLIST_KEY_UIApplicationSceneManifest_Generation[sdk=iphoneos*]" = YES;
				"INFOPLIST_KEY_UIApplicationSceneManifest_Generation[sdk=iphonesimulator*]" = YES;
				"INFOPLIST_KEY_UIApplicationSupportsIndirectInputEvents[sdk=iphoneos*]" = YES;
				"INFOPLIST_KEY_UIApplicationSupportsIndirectInputEvents[sdk=iphonesimulator*]" = YES;
				"INFOPLIST_KEY_UILaunchScreen_Generation[sdk=iphoneos*]" = YES;
				"INFOPLIST_KEY_UILaunchScreen_Generation[sdk=iphonesimulator*]" = YES;
				"INFOPLIST_KEY_UIStatusBarStyle[sdk=iphoneos*]" = UIStatusBarStyleDefault;
				"INFOPLIST_KEY_UIStatusBarStyle[sdk=iphonesimulator*]" = UIStatusBarStyleDefault;
				INFOPLIST_KEY_UISupportedInterfaceOrientations_iPad = "UIInterfaceOrientationPortrait UIInterfaceOrientationPortraitUpsideDown UIInterfaceOrientationLandscapeLeft UIInterfaceOrientationLandscapeRight";
				INFOPLIST_KEY_UISupportedInterfaceOrientations_iPhone = "UIInterfaceOrientationPortrait UIInterfaceOrientationLandscapeLeft UIInterfaceOrientationLandscapeRight";
				IPHONEOS_DEPLOYMENT_TARGET = 18.2;
				LD_RUNPATH_SEARCH_PATHS = "@executable_path/Frameworks";
				"LD_RUNPATH_SEARCH_PATHS[sdk=macosx*]" = "@executable_path/../Frameworks";
				MACOSX_DEPLOYMENT_TARGET = 15.2;
				MARKETING_VERSION = 1.0;
				PRODUCT_BUNDLE_IDENTIFIER = "t.-st-hw-LimJaeSeong";
				PRODUCT_NAME = "$(TARGET_NAME)";
				SDKROOT = auto;
				SUPPORTED_PLATFORMS = "iphoneos iphonesimulator macosx xros xrsimulator";
				SWIFT_EMIT_LOC_STRINGS = YES;
				SWIFT_VERSION = 5.0;
				TARGETED_DEVICE_FAMILY = "1,2,7";
				XROS_DEPLOYMENT_TARGET = 2.2;
			};
			name = Debug;
		};
		A5FFC4E52D8AFFC4003CD73B /* Release */ = {
			isa = XCBuildConfiguration;
			buildSettings = {
				ASSETCATALOG_COMPILER_APPICON_NAME = AppIcon;
				ASSETCATALOG_COMPILER_GLOBAL_ACCENT_COLOR_NAME = AccentColor;
				CODE_SIGN_ENTITLEMENTS = 1st_hw_LimJaeSeong/_st_hw_LimJaeSeong.entitlements;
				CODE_SIGN_STYLE = Automatic;
				CURRENT_PROJECT_VERSION = 1;
				DEVELOPMENT_ASSET_PATHS = "\"1st_hw_LimJaeSeong/Preview Content\"";
				ENABLE_PREVIEWS = YES;
				GENERATE_INFOPLIST_FILE = YES;
				"INFOPLIST_KEY_UIApplicationSceneManifest_Generation[sdk=iphoneos*]" = YES;
				"INFOPLIST_KEY_UIApplicationSceneManifest_Generation[sdk=iphonesimulator*]" = YES;
				"INFOPLIST_KEY_UIApplicationSupportsIndirectInputEvents[sdk=iphoneos*]" = YES;
				"INFOPLIST_KEY_UIApplicationSupportsIndirectInputEvents[sdk=iphonesimulator*]" = YES;
				"INFOPLIST_KEY_UILaunchScreen_Generation[sdk=iphoneos*]" = YES;
				"INFOPLIST_KEY_UILaunchScreen_Generation[sdk=iphonesimulator*]" = YES;
				"INFOPLIST_KEY_UIStatusBarStyle[sdk=iphoneos*]" = UIStatusBarStyleDefault;
				"INFOPLIST_KEY_UIStatusBarStyle[sdk=iphonesimulator*]" = UIStatusBarStyleDefault;
				INFOPLIST_KEY_UISupportedInterfaceOrientations_iPad = "UIInterfaceOrientationPortrait UIInterfaceOrientationPortraitUpsideDown UIInterfaceOrientationLandscapeLeft UIInterfaceOrientationLandscapeRight";
				INFOPLIST_KEY_UISupportedInterfaceOrientations_iPhone = "UIInterfaceOrientationPortrait UIInterfaceOrientationLandscapeLeft UIInterfaceOrientationLandscapeRight";
				IPHONEOS_DEPLOYMENT_TARGET = 18.2;
				LD_RUNPATH_SEARCH_PATHS = "@executable_path/Frameworks";
				"LD_RUNPATH_SEARCH_PATHS[sdk=macosx*]" = "@executable_path/../Frameworks";
				MACOSX_DEPLOYMENT_TARGET = 15.2;
				MARKETING_VERSION = 1.0;
				PRODUCT_BUNDLE_IDENTIFIER = "t.-st-hw-LimJaeSeong";
				PRODUCT_NAME = "$(TARGET_NAME)";
				SDKROOT = auto;
				SUPPORTED_PLATFORMS = "iphoneos iphonesimulator macosx xros xrsimulator";
				SWIFT_EMIT_LOC_STRINGS = YES;
				SWIFT_VERSION = 5.0;
				TARGETED_DEVICE_FAMILY = "1,2,7";
				XROS_DEPLOYMENT_TARGET = 2.2;
			};
			name = Release;
		};
		A5FFC4E72D8AFFC4003CD73B /* Debug */ = {
			isa = XCBuildConfiguration;
			buildSettings = {
				BUNDLE_LOADER = "$(TEST_HOST)";
				CODE_SIGN_STYLE = Automatic;
				CURRENT_PROJECT_VERSION = 1;
				GENERATE_INFOPLIST_FILE = YES;
				IPHONEOS_DEPLOYMENT_TARGET = 18.2;
				MACOSX_DEPLOYMENT_TARGET = 15.2;
				MARKETING_VERSION = 1.0;
				PRODUCT_BUNDLE_IDENTIFIER = "t.-st-hw-LimJaeSeongTests";
				PRODUCT_NAME = "$(TARGET_NAME)";
				SDKROOT = auto;
				SUPPORTED_PLATFORMS = "iphoneos iphonesimulator macosx xros xrsimulator";
				SWIFT_EMIT_LOC_STRINGS = NO;
				SWIFT_VERSION = 5.0;
				TARGETED_DEVICE_FAMILY = "1,2,7";
				TEST_HOST = "$(BUILT_PRODUCTS_DIR)/1st_hw_LimJaeSeong.app/$(BUNDLE_EXECUTABLE_FOLDER_PATH)/1st_hw_LimJaeSeong";
				XROS_DEPLOYMENT_TARGET = 2.2;
			};
			name = Debug;
		};
		A5FFC4E82D8AFFC4003CD73B /* Release */ = {
			isa = XCBuildConfiguration;
			buildSettings = {
				BUNDLE_LOADER = "$(TEST_HOST)";
				CODE_SIGN_STYLE = Automatic;
				CURRENT_PROJECT_VERSION = 1;
				GENERATE_INFOPLIST_FILE = YES;
				IPHONEOS_DEPLOYMENT_TARGET = 18.2;
				MACOSX_DEPLOYMENT_TARGET = 15.2;
				MARKETING_VERSION = 1.0;
				PRODUCT_BUNDLE_IDENTIFIER = "t.-st-hw-LimJaeSeongTests";
				PRODUCT_NAME = "$(TARGET_NAME)";
				SDKROOT = auto;
				SUPPORTED_PLATFORMS = "iphoneos iphonesimulator macosx xros xrsimulator";
				SWIFT_EMIT_LOC_STRINGS = NO;
				SWIFT_VERSION = 5.0;
				TARGETED_DEVICE_FAMILY = "1,2,7";
				TEST_HOST = "$(BUILT_PRODUCTS_DIR)/1st_hw_LimJaeSeong.app/$(BUNDLE_EXECUTABLE_FOLDER_PATH)/1st_hw_LimJaeSeong";
				XROS_DEPLOYMENT_TARGET = 2.2;
			};
			name = Release;
		};
		A5FFC4EA2D8AFFC4003CD73B /* Debug */ = {
			isa = XCBuildConfiguration;
			buildSettings = {
				CODE_SIGN_STYLE = Automatic;
				CURRENT_PROJECT_VERSION = 1;
				GENERATE_INFOPLIST_FILE = YES;
				IPHONEOS_DEPLOYMENT_TARGET = 18.2;
				MACOSX_DEPLOYMENT_TARGET = 15.2;
				MARKETING_VERSION = 1.0;
				PRODUCT_BUNDLE_IDENTIFIER = "t.-st-hw-LimJaeSeongUITests";
				PRODUCT_NAME = "$(TARGET_NAME)";
				SDKROOT = auto;
				SUPPORTED_PLATFORMS = "iphoneos iphonesimulator macosx xros xrsimulator";
				SWIFT_EMIT_LOC_STRINGS = NO;
				SWIFT_VERSION = 5.0;
				TARGETED_DEVICE_FAMILY = "1,2,7";
				TEST_TARGET_NAME = 1st_hw_LimJaeSeong;
				XROS_DEPLOYMENT_TARGET = 2.2;
			};
			name = Debug;
		};
		A5FFC4EB2D8AFFC4003CD73B /* Release */ = {
			isa = XCBuildConfiguration;
			buildSettings = {
				CODE_SIGN_STYLE = Automatic;
				CURRENT_PROJECT_VERSION = 1;
				GENERATE_INFOPLIST_FILE = YES;
				IPHONEOS_DEPLOYMENT_TARGET = 18.2;
				MACOSX_DEPLOYMENT_TARGET = 15.2;
				MARKETING_VERSION = 1.0;
				PRODUCT_BUNDLE_IDENTIFIER = "t.-st-hw-LimJaeSeongUITests";
				PRODUCT_NAME = "$(TARGET_NAME)";
				SDKROOT = auto;
				SUPPORTED_PLATFORMS = "iphoneos iphonesimulator macosx xros xrsimulator";
				SWIFT_EMIT_LOC_STRINGS = NO;
				SWIFT_VERSION = 5.0;
				TARGETED_DEVICE_FAMILY = "1,2,7";
				TEST_TARGET_NAME = 1st_hw_LimJaeSeong;
				XROS_DEPLOYMENT_TARGET = 2.2;
			};
			name = Release;
		};
/* End XCBuildConfiguration section */

/* Begin XCConfigurationList section */
		A5FFC4B92D8AFFC3003CD73B /* Build configuration list for PBXProject "1st_hw_LimJaeSeong" */ = {
			isa = XCConfigurationList;
			buildConfigurations = (
				A5FFC4E12D8AFFC4003CD73B /* Debug */,
				A5FFC4E22D8AFFC4003CD73B /* Release */,
			);
			defaultConfigurationIsVisible = 0;
			defaultConfigurationName = Release;
		};
		A5FFC4E32D8AFFC4003CD73B /* Build configuration list for PBXNativeTarget "1st_hw_LimJaeSeong" */ = {
			isa = XCConfigurationList;
			buildConfigurations = (
				A5FFC4E42D8AFFC4003CD73B /* Debug */,
				A5FFC4E52D8AFFC4003CD73B /* Release */,
			);
			defaultConfigurationIsVisible = 0;
			defaultConfigurationName = Release;
		};
		A5FFC4E62D8AFFC4003CD73B /* Build configuration list for PBXNativeTarget "1st_hw_LimJaeSeongTests" */ = {
			isa = XCConfigurationList;
			buildConfigurations = (
				A5FFC4E72D8AFFC4003CD73B /* Debug */,
				A5FFC4E82D8AFFC4003CD73B /* Release */,
			);
			defaultConfigurationIsVisible = 0;
			defaultConfigurationName = Release;
		};
		A5FFC4E92D8AFFC4003CD73B /* Build configuration list for PBXNativeTarget "1st_hw_LimJaeSeongUITests" */ = {
			isa = XCConfigurationList;
			buildConfigurations = (
				A5FFC4EA2D8AFFC4003CD73B /* Debug */,
				A5FFC4EB2D8AFFC4003CD73B /* Release */,
			);
			defaultConfigurationIsVisible = 0;
			defaultConfigurationName = Release;
		};
/* End XCConfigurationList section */
	};
	rootObject = A5FFC4B62D8AFFC3003CD73B /* Project object */;
}
